
Microsoft Visual Studio Solution File, Format Version 12.00
# Visual Studio Version 17
VisualStudioVersion = 17.1.32210.238
MinimumVisualStudioVersion = 10.0.40219.1
Project("{FAE04EC0-301F-11D3-BF4B-00C04F79EFBC}") = "PdfAnalyzer", "PdfAnalyzer\PdfAnalyzer.csproj", "{DD6D4258-8EFE-4857-A5C1-207D15A9EEE1}"
EndProject
Project("{FAE04EC0-301F-11D3-BF4B-00C04F79EFBC}") = "PdfUtility", "PdfUtility\PdfUtility.csproj", "{91F21B92-177B-49EB-8B60-15AC8DE61DCD}"
EndProject
Global
	GlobalSection(SolutionConfigurationPlatforms) = preSolution
		Debug|Any CPU = Debug|Any CPU
		Release|Any CPU = Release|Any CPU
	EndGlobalSection
	GlobalSection(ProjectConfigurationPlatforms) = postSolution
		{DD6D4258-8EFE-4857-A5C1-207D15A9EEE1}.Debug|Any CPU.ActiveCfg = Debug|Any CPU
		{DD6D4258-8EFE-4857-A5C1-207D15A9EEE1}.Debug|Any CPU.Build.0 = Debug|Any CPU
		{DD6D4258-8EFE-4857-A5C1-207D15A9EEE1}.Release|Any CPU.ActiveCfg = Release|Any CPU
		{DD6D4258-8EFE-4857-A5C1-207D15A9EEE1}.Release|Any CPU.Build.0 = Release|Any CPU
		{91F21B92-177B-49EB-8B60-15AC8DE61DCD}.Debug|Any CPU.ActiveCfg = Debug|Any CPU
		{91F21B92-177B-49EB-8B60-15AC8DE61DCD}.Debug|Any CPU.Build.0 = Debug|Any CPU
		{91F21B92-177B-49EB-8B60-15AC8DE61DCD}.Release|Any CPU.ActiveCfg = Release|Any CPU
		{91F21B92-177B-49EB-8B60-15AC8DE61DCD}.Release|Any CPU.Build.0 = Release|Any CPU
	EndGlobalSection
	GlobalSection(SolutionProperties) = preSolution
		HideSolutionNode = FALSE
	EndGlobalSection
	GlobalSection(ExtensibilityGlobals) = postSolution
		SolutionGuid = {630C3B10-4B13-491C-90A6-0ED2EEA8815B}
	EndGlobalSection
EndGlobal
